# This file is autogenerated, do not edit; changes may be undone by the next 'dep ensure'.


[[projects]]
  name = "github.com/asaskevich/EventBus"
  packages = ["."]
  revision = "68a521d7cbbb7a859c2608b06342f384b3bd5f5a"

[[projects]]
  branch = "master"
  name = "github.com/flashmob/go-guerrilla"
  packages = [
    ".",
    "backends",
    "log",
    "mail",
    "mail/rfc5321",
    "response"
  ]
  revision = "3d3f614899f2529fc5b0ef093758bdfea4abfa1e"

[[projects]]
  name = "github.com/jmoiron/sqlx"
  packages = [
    ".",
    "reflectx"
  ]
  revision = "d161d7a76b5661016ad0b085869f77fd410f3e6a"
  version = "v1.2.0"

[[projects]]
  name = "github.com/konsorten/go-windows-terminal-sequences"
  packages = ["."]
  revision = "f55edac94c9bbba5d6182a4be46d86a2c9b5b50e"
  version = "v1.0.2"

[[projects]]
  name = "github.com/lib/pq"
  packages = [
    ".",
    "oid",
    "scram"
  ]
  revision = "3427c32cb71afc948325f299f040e53c1dd78979"
  version = "v1.2.0"

[[projects]]
  name = "github.com/sirupsen/logrus"
  packages = ["."]
  revision = "839c75faf7f98a33d445d181f3018b5c3409a45e"
  version = "v1.4.2"

[[projects]]
  branch = "master"
  name = "golang.org/x/sys"
  packages = ["unix"]
  revision = "fde4db37ae7ad8191b03d30d27f258b5291ae4e3"

[solve-meta]
  analyzer-name = "dep"
  analyzer-version = 1
  inputs-digest = "0af0d9f4e019bdc9c5fc98f779e2a65ce5655392cdce33700008edd430b0b565"
  solver-name = "gps-cdcl"
  solver-version = 1
